
Microsoft Visual Studio Solution File, Format Version 12.00
# Visual Studio Version 17
VisualStudioVersion = 17.9.34616.47
MinimumVisualStudioVersion = 10.0.40219.1
Project("{9A19103F-16F7-4668-BE54-9A1E7A4F7556}") = "Rebound", "Rebound\Rebound.csproj", "{4C58BAB7-F9D6-48AB-B20D-C8F6413D6E34}"
EndProject
Project("{9A19103F-16F7-4668-BE54-9A1E7A4F7556}") = "Rebound.Defrag", "Defrag\Rebound.Defrag.csproj", "{86C0359D-C08A-4963-9B77-2400F5039232}"
EndProject
Project("{9A19103F-16F7-4668-BE54-9A1E7A4F7556}") = "Rebound.Cleanup", "Cleanup\Rebound.Cleanup.csproj", "{C946D646-4659-4B05-91A2-15FF51D736D5}"
EndProject
Project("{9A19103F-16F7-4668-BE54-9A1E7A4F7556}") = "Rebound.Run", "Run\Rebound.Run.csproj", "{632D4E75-5E9A-4F8E-A80D-F88C5EB8BD66}"
EndProject
Project("{9A19103F-16F7-4668-BE54-9A1E7A4F7556}") = "Rebound.SysInfo", "SysInfo\Rebound.SysInfo.csproj", "{389B26A3-70CA-4200-8CFA-88A131E909E2}"
EndProject
Project("{9A19103F-16F7-4668-BE54-9A1E7A4F7556}") = "Rebound.TrustedPlatform", "TrustedPlatform\Rebound.TrustedPlatform.csproj", "{27052CF4-EC88-4FCB-8B2C-6D45ABFA7BB6}"
EndProject
Project("{9A19103F-16F7-4668-BE54-9A1E7A4F7556}") = "Rebound.About", "About\Rebound.About.csproj", "{BF701670-43B6-4621-9564-84215313590C}"
EndProject
Project("{9A19103F-16F7-4668-BE54-9A1E7A4F7556}") = "Rebound.InteractiveDialog", "InteractiveDialog\Rebound.InteractiveDialog.csproj", "{D04E2A2C-C9D1-4243-9347-7AC854399ADE}"
EndProject
Project("{9A19103F-16F7-4668-BE54-9A1E7A4F7556}") = "Rebound.Helpers", "Helpers\Rebound.Helpers.csproj", "{18FE94FE-0938-4C36-AC0E-E99F90622293}"
EndProject
Project("{9A19103F-16F7-4668-BE54-9A1E7A4F7556}") = "Rebound.ExplorerPhotoPrintingDialog", "ExplorerPhotoPrintingDialog\Rebound.ExplorerPhotoPrintingDialog.csproj", "{B7BE98BB-3C39-4407-A792-F13A560B81F7}"
EndProject
Project("{D954291E-2A0B-460D-934E-DC6B0785DB48}") = "Rebound.Delivery", "Delivery\Rebound.Delivery.shproj", "{B6C8C1F3-644E-475F-84C6-214243620014}"
EndProject
Project("{9A19103F-16F7-4668-BE54-9A1E7A4F7556}") = "Rebound.Control", "Control\Rebound.Control.csproj", "{8920EBF9-A483-4A5F-9BB3-AA2E3D8F1269}"
EndProject
Project("{9A19103F-16F7-4668-BE54-9A1E7A4F7556}") = "Rebound.Installer", "Installer\Rebound.Installer.csproj", "{0158E7F4-9955-43F7-8978-DC69FD7CCD60}"
EndProject
Project("{FAE04EC0-301F-11D3-BF4B-00C04F79EFBC}") = "Rebound.EventViewer", "Rebound.EventViewer\Rebound.EventViewer.csproj", "{36AF765E-1361-4772-A6CB-C990B3464C1A}"
EndProject
Global
	GlobalSection(SolutionConfigurationPlatforms) = preSolution
		Debug|Any CPU = Debug|Any CPU
		Debug|ARM64 = Debug|ARM64
		Debug|x64 = Debug|x64
		Debug|x86 = Debug|x86
		Release|Any CPU = Release|Any CPU
		Release|ARM64 = Release|ARM64
		Release|x64 = Release|x64
		Release|x86 = Release|x86
	EndGlobalSection
	GlobalSection(ProjectConfigurationPlatforms) = postSolution
		{4C58BAB7-F9D6-48AB-B20D-C8F6413D6E34}.Debug|Any CPU.ActiveCfg = Debug|x64
		{4C58BAB7-F9D6-48AB-B20D-C8F6413D6E34}.Debug|Any CPU.Build.0 = Debug|x64
		{4C58BAB7-F9D6-48AB-B20D-C8F6413D6E34}.Debug|Any CPU.Deploy.0 = Debug|x64
		{4C58BAB7-F9D6-48AB-B20D-C8F6413D6E34}.Debug|ARM64.ActiveCfg = Debug|ARM64
		{4C58BAB7-F9D6-48AB-B20D-C8F6413D6E34}.Debug|ARM64.Build.0 = Debug|ARM64
		{4C58BAB7-F9D6-48AB-B20D-C8F6413D6E34}.Debug|ARM64.Deploy.0 = Debug|ARM64
		{4C58BAB7-F9D6-48AB-B20D-C8F6413D6E34}.Debug|x64.ActiveCfg = Debug|x64
		{4C58BAB7-F9D6-48AB-B20D-C8F6413D6E34}.Debug|x64.Build.0 = Debug|x64
		{4C58BAB7-F9D6-48AB-B20D-C8F6413D6E34}.Debug|x64.Deploy.0 = Debug|x64
		{4C58BAB7-F9D6-48AB-B20D-C8F6413D6E34}.Debug|x86.ActiveCfg = Debug|x86
		{4C58BAB7-F9D6-48AB-B20D-C8F6413D6E34}.Debug|x86.Build.0 = Debug|x86
		{4C58BAB7-F9D6-48AB-B20D-C8F6413D6E34}.Debug|x86.Deploy.0 = Debug|x86
		{4C58BAB7-F9D6-48AB-B20D-C8F6413D6E34}.Release|Any CPU.ActiveCfg = Release|x64
		{4C58BAB7-F9D6-48AB-B20D-C8F6413D6E34}.Release|Any CPU.Build.0 = Release|x64
		{4C58BAB7-F9D6-48AB-B20D-C8F6413D6E34}.Release|Any CPU.Deploy.0 = Release|x64
		{4C58BAB7-F9D6-48AB-B20D-C8F6413D6E34}.Release|ARM64.ActiveCfg = Release|ARM64
		{4C58BAB7-F9D6-48AB-B20D-C8F6413D6E34}.Release|ARM64.Build.0 = Release|ARM64
		{4C58BAB7-F9D6-48AB-B20D-C8F6413D6E34}.Release|ARM64.Deploy.0 = Release|ARM64
		{4C58BAB7-F9D6-48AB-B20D-C8F6413D6E34}.Release|x64.ActiveCfg = Release|x64
		{4C58BAB7-F9D6-48AB-B20D-C8F6413D6E34}.Release|x64.Build.0 = Release|x64
		{4C58BAB7-F9D6-48AB-B20D-C8F6413D6E34}.Release|x64.Deploy.0 = Release|x64
		{4C58BAB7-F9D6-48AB-B20D-C8F6413D6E34}.Release|x86.ActiveCfg = Release|x86
		{4C58BAB7-F9D6-48AB-B20D-C8F6413D6E34}.Release|x86.Build.0 = Release|x86
		{4C58BAB7-F9D6-48AB-B20D-C8F6413D6E34}.Release|x86.Deploy.0 = Release|x86
		{86C0359D-C08A-4963-9B77-2400F5039232}.Debug|Any CPU.ActiveCfg = Debug|x64
		{86C0359D-C08A-4963-9B77-2400F5039232}.Debug|Any CPU.Build.0 = Debug|x64
		{86C0359D-C08A-4963-9B77-2400F5039232}.Debug|Any CPU.Deploy.0 = Debug|x64
		{86C0359D-C08A-4963-9B77-2400F5039232}.Debug|ARM64.ActiveCfg = Debug|ARM64
		{86C0359D-C08A-4963-9B77-2400F5039232}.Debug|ARM64.Build.0 = Debug|ARM64
		{86C0359D-C08A-4963-9B77-2400F5039232}.Debug|ARM64.Deploy.0 = Debug|ARM64
		{86C0359D-C08A-4963-9B77-2400F5039232}.Debug|x64.ActiveCfg = Debug|x64
		{86C0359D-C08A-4963-9B77-2400F5039232}.Debug|x64.Build.0 = Debug|x64
		{86C0359D-C08A-4963-9B77-2400F5039232}.Debug|x64.Deploy.0 = Debug|x64
		{86C0359D-C08A-4963-9B77-2400F5039232}.Debug|x86.ActiveCfg = Debug|x86
		{86C0359D-C08A-4963-9B77-2400F5039232}.Debug|x86.Build.0 = Debug|x86
		{86C0359D-C08A-4963-9B77-2400F5039232}.Debug|x86.Deploy.0 = Debug|x86
		{86C0359D-C08A-4963-9B77-2400F5039232}.Release|Any CPU.ActiveCfg = Release|x64
		{86C0359D-C08A-4963-9B77-2400F5039232}.Release|Any CPU.Build.0 = Release|x64
		{86C0359D-C08A-4963-9B77-2400F5039232}.Release|Any CPU.Deploy.0 = Release|x64
		{86C0359D-C08A-4963-9B77-2400F5039232}.Release|ARM64.ActiveCfg = Release|ARM64
		{86C0359D-C08A-4963-9B77-2400F5039232}.Release|ARM64.Build.0 = Release|ARM64
		{86C0359D-C08A-4963-9B77-2400F5039232}.Release|ARM64.Deploy.0 = Release|ARM64
		{86C0359D-C08A-4963-9B77-2400F5039232}.Release|x64.ActiveCfg = Release|x64
		{86C0359D-C08A-4963-9B77-2400F5039232}.Release|x64.Build.0 = Release|x64
		{86C0359D-C08A-4963-9B77-2400F5039232}.Release|x64.Deploy.0 = Release|x64
		{86C0359D-C08A-4963-9B77-2400F5039232}.Release|x86.ActiveCfg = Release|x86
		{86C0359D-C08A-4963-9B77-2400F5039232}.Release|x86.Build.0 = Release|x86
		{86C0359D-C08A-4963-9B77-2400F5039232}.Release|x86.Deploy.0 = Release|x86
		{C946D646-4659-4B05-91A2-15FF51D736D5}.Debug|Any CPU.ActiveCfg = Debug|x64
		{C946D646-4659-4B05-91A2-15FF51D736D5}.Debug|Any CPU.Build.0 = Debug|x64
		{C946D646-4659-4B05-91A2-15FF51D736D5}.Debug|Any CPU.Deploy.0 = Debug|x64
		{C946D646-4659-4B05-91A2-15FF51D736D5}.Debug|ARM64.ActiveCfg = Debug|ARM64
		{C946D646-4659-4B05-91A2-15FF51D736D5}.Debug|ARM64.Build.0 = Debug|ARM64
		{C946D646-4659-4B05-91A2-15FF51D736D5}.Debug|ARM64.Deploy.0 = Debug|ARM64
		{C946D646-4659-4B05-91A2-15FF51D736D5}.Debug|x64.ActiveCfg = Debug|x64
		{C946D646-4659-4B05-91A2-15FF51D736D5}.Debug|x64.Build.0 = Debug|x64
		{C946D646-4659-4B05-91A2-15FF51D736D5}.Debug|x64.Deploy.0 = Debug|x64
		{C946D646-4659-4B05-91A2-15FF51D736D5}.Debug|x86.ActiveCfg = Debug|x86
		{C946D646-4659-4B05-91A2-15FF51D736D5}.Debug|x86.Build.0 = Debug|x86
		{C946D646-4659-4B05-91A2-15FF51D736D5}.Debug|x86.Deploy.0 = Debug|x86
		{C946D646-4659-4B05-91A2-15FF51D736D5}.Release|Any CPU.ActiveCfg = Release|x64
		{C946D646-4659-4B05-91A2-15FF51D736D5}.Release|Any CPU.Build.0 = Release|x64
		{C946D646-4659-4B05-91A2-15FF51D736D5}.Release|Any CPU.Deploy.0 = Release|x64
		{C946D646-4659-4B05-91A2-15FF51D736D5}.Release|ARM64.ActiveCfg = Release|ARM64
		{C946D646-4659-4B05-91A2-15FF51D736D5}.Release|ARM64.Build.0 = Release|ARM64
		{C946D646-4659-4B05-91A2-15FF51D736D5}.Release|ARM64.Deploy.0 = Release|ARM64
		{C946D646-4659-4B05-91A2-15FF51D736D5}.Release|x64.ActiveCfg = Release|x64
		{C946D646-4659-4B05-91A2-15FF51D736D5}.Release|x64.Build.0 = Release|x64
		{C946D646-4659-4B05-91A2-15FF51D736D5}.Release|x64.Deploy.0 = Release|x64
		{C946D646-4659-4B05-91A2-15FF51D736D5}.Release|x86.ActiveCfg = Release|x86
		{C946D646-4659-4B05-91A2-15FF51D736D5}.Release|x86.Build.0 = Release|x86
		{C946D646-4659-4B05-91A2-15FF51D736D5}.Release|x86.Deploy.0 = Release|x86
		{632D4E75-5E9A-4F8E-A80D-F88C5EB8BD66}.Debug|Any CPU.ActiveCfg = Debug|x64
		{632D4E75-5E9A-4F8E-A80D-F88C5EB8BD66}.Debug|Any CPU.Build.0 = Debug|x64
		{632D4E75-5E9A-4F8E-A80D-F88C5EB8BD66}.Debug|Any CPU.Deploy.0 = Debug|x64
		{632D4E75-5E9A-4F8E-A80D-F88C5EB8BD66}.Debug|ARM64.ActiveCfg = Debug|ARM64
		{632D4E75-5E9A-4F8E-A80D-F88C5EB8BD66}.Debug|ARM64.Build.0 = Debug|ARM64
		{632D4E75-5E9A-4F8E-A80D-F88C5EB8BD66}.Debug|ARM64.Deploy.0 = Debug|ARM64
		{632D4E75-5E9A-4F8E-A80D-F88C5EB8BD66}.Debug|x64.ActiveCfg = Debug|x64
		{632D4E75-5E9A-4F8E-A80D-F88C5EB8BD66}.Debug|x64.Build.0 = Debug|x64
		{632D4E75-5E9A-4F8E-A80D-F88C5EB8BD66}.Debug|x64.Deploy.0 = Debug|x64
		{632D4E75-5E9A-4F8E-A80D-F88C5EB8BD66}.Debug|x86.ActiveCfg = Debug|x86
		{632D4E75-5E9A-4F8E-A80D-F88C5EB8BD66}.Debug|x86.Build.0 = Debug|x86
		{632D4E75-5E9A-4F8E-A80D-F88C5EB8BD66}.Debug|x86.Deploy.0 = Debug|x86
		{632D4E75-5E9A-4F8E-A80D-F88C5EB8BD66}.Release|Any CPU.ActiveCfg = Release|x64
		{632D4E75-5E9A-4F8E-A80D-F88C5EB8BD66}.Release|Any CPU.Build.0 = Release|x64
		{632D4E75-5E9A-4F8E-A80D-F88C5EB8BD66}.Release|Any CPU.Deploy.0 = Release|x64
		{632D4E75-5E9A-4F8E-A80D-F88C5EB8BD66}.Release|ARM64.ActiveCfg = Release|ARM64
		{632D4E75-5E9A-4F8E-A80D-F88C5EB8BD66}.Release|ARM64.Build.0 = Release|ARM64
		{632D4E75-5E9A-4F8E-A80D-F88C5EB8BD66}.Release|ARM64.Deploy.0 = Release|ARM64
		{632D4E75-5E9A-4F8E-A80D-F88C5EB8BD66}.Release|x64.ActiveCfg = Release|x64
		{632D4E75-5E9A-4F8E-A80D-F88C5EB8BD66}.Release|x64.Build.0 = Release|x64
		{632D4E75-5E9A-4F8E-A80D-F88C5EB8BD66}.Release|x64.Deploy.0 = Release|x64
		{632D4E75-5E9A-4F8E-A80D-F88C5EB8BD66}.Release|x86.ActiveCfg = Release|x86
		{632D4E75-5E9A-4F8E-A80D-F88C5EB8BD66}.Release|x86.Build.0 = Release|x86
		{632D4E75-5E9A-4F8E-A80D-F88C5EB8BD66}.Release|x86.Deploy.0 = Release|x86
		{389B26A3-70CA-4200-8CFA-88A131E909E2}.Debug|Any CPU.ActiveCfg = Debug|x64
		{389B26A3-70CA-4200-8CFA-88A131E909E2}.Debug|Any CPU.Build.0 = Debug|x64
		{389B26A3-70CA-4200-8CFA-88A131E909E2}.Debug|Any CPU.Deploy.0 = Debug|x64
		{389B26A3-70CA-4200-8CFA-88A131E909E2}.Debug|ARM64.ActiveCfg = Debug|ARM64
		{389B26A3-70CA-4200-8CFA-88A131E909E2}.Debug|ARM64.Build.0 = Debug|ARM64
		{389B26A3-70CA-4200-8CFA-88A131E909E2}.Debug|ARM64.Deploy.0 = Debug|ARM64
		{389B26A3-70CA-4200-8CFA-88A131E909E2}.Debug|x64.ActiveCfg = Debug|x64
		{389B26A3-70CA-4200-8CFA-88A131E909E2}.Debug|x64.Build.0 = Debug|x64
		{389B26A3-70CA-4200-8CFA-88A131E909E2}.Debug|x64.Deploy.0 = Debug|x64
		{389B26A3-70CA-4200-8CFA-88A131E909E2}.Debug|x86.ActiveCfg = Debug|x86
		{389B26A3-70CA-4200-8CFA-88A131E909E2}.Debug|x86.Build.0 = Debug|x86
		{389B26A3-70CA-4200-8CFA-88A131E909E2}.Debug|x86.Deploy.0 = Debug|x86
		{389B26A3-70CA-4200-8CFA-88A131E909E2}.Release|Any CPU.ActiveCfg = Release|x64
		{389B26A3-70CA-4200-8CFA-88A131E909E2}.Release|Any CPU.Build.0 = Release|x64
		{389B26A3-70CA-4200-8CFA-88A131E909E2}.Release|Any CPU.Deploy.0 = Release|x64
		{389B26A3-70CA-4200-8CFA-88A131E909E2}.Release|ARM64.ActiveCfg = Release|ARM64
		{389B26A3-70CA-4200-8CFA-88A131E909E2}.Release|ARM64.Build.0 = Release|ARM64
		{389B26A3-70CA-4200-8CFA-88A131E909E2}.Release|ARM64.Deploy.0 = Release|ARM64
		{389B26A3-70CA-4200-8CFA-88A131E909E2}.Release|x64.ActiveCfg = Release|x64
		{389B26A3-70CA-4200-8CFA-88A131E909E2}.Release|x64.Build.0 = Release|x64
		{389B26A3-70CA-4200-8CFA-88A131E909E2}.Release|x64.Deploy.0 = Release|x64
		{389B26A3-70CA-4200-8CFA-88A131E909E2}.Release|x86.ActiveCfg = Release|x86
		{389B26A3-70CA-4200-8CFA-88A131E909E2}.Release|x86.Build.0 = Release|x86
		{389B26A3-70CA-4200-8CFA-88A131E909E2}.Release|x86.Deploy.0 = Release|x86
		{27052CF4-EC88-4FCB-8B2C-6D45ABFA7BB6}.Debug|Any CPU.ActiveCfg = Debug|x64
		{27052CF4-EC88-4FCB-8B2C-6D45ABFA7BB6}.Debug|Any CPU.Build.0 = Debug|x64
		{27052CF4-EC88-4FCB-8B2C-6D45ABFA7BB6}.Debug|Any CPU.Deploy.0 = Debug|x64
		{27052CF4-EC88-4FCB-8B2C-6D45ABFA7BB6}.Debug|ARM64.ActiveCfg = Debug|x64
		{27052CF4-EC88-4FCB-8B2C-6D45ABFA7BB6}.Debug|ARM64.Build.0 = Debug|x64
		{27052CF4-EC88-4FCB-8B2C-6D45ABFA7BB6}.Debug|ARM64.Deploy.0 = Debug|x64
		{27052CF4-EC88-4FCB-8B2C-6D45ABFA7BB6}.Debug|x64.ActiveCfg = Debug|x64
		{27052CF4-EC88-4FCB-8B2C-6D45ABFA7BB6}.Debug|x64.Build.0 = Debug|x64
		{27052CF4-EC88-4FCB-8B2C-6D45ABFA7BB6}.Debug|x64.Deploy.0 = Debug|x64
		{27052CF4-EC88-4FCB-8B2C-6D45ABFA7BB6}.Debug|x86.ActiveCfg = Debug|x86
		{27052CF4-EC88-4FCB-8B2C-6D45ABFA7BB6}.Debug|x86.Build.0 = Debug|x86
		{27052CF4-EC88-4FCB-8B2C-6D45ABFA7BB6}.Debug|x86.Deploy.0 = Debug|x86
		{27052CF4-EC88-4FCB-8B2C-6D45ABFA7BB6}.Release|Any CPU.ActiveCfg = Release|x64
		{27052CF4-EC88-4FCB-8B2C-6D45ABFA7BB6}.Release|Any CPU.Build.0 = Release|x64
		{27052CF4-EC88-4FCB-8B2C-6D45ABFA7BB6}.Release|Any CPU.Deploy.0 = Release|x64
		{27052CF4-EC88-4FCB-8B2C-6D45ABFA7BB6}.Release|ARM64.ActiveCfg = Release|x64
		{27052CF4-EC88-4FCB-8B2C-6D45ABFA7BB6}.Release|ARM64.Build.0 = Release|x64
		{27052CF4-EC88-4FCB-8B2C-6D45ABFA7BB6}.Release|ARM64.Deploy.0 = Release|x64
		{27052CF4-EC88-4FCB-8B2C-6D45ABFA7BB6}.Release|x64.ActiveCfg = Release|x64
		{27052CF4-EC88-4FCB-8B2C-6D45ABFA7BB6}.Release|x64.Build.0 = Release|x64
		{27052CF4-EC88-4FCB-8B2C-6D45ABFA7BB6}.Release|x64.Deploy.0 = Release|x64
		{27052CF4-EC88-4FCB-8B2C-6D45ABFA7BB6}.Release|x86.ActiveCfg = Release|x86
		{27052CF4-EC88-4FCB-8B2C-6D45ABFA7BB6}.Release|x86.Build.0 = Release|x86
		{27052CF4-EC88-4FCB-8B2C-6D45ABFA7BB6}.Release|x86.Deploy.0 = Release|x86
		{BF701670-43B6-4621-9564-84215313590C}.Debug|Any CPU.ActiveCfg = Debug|x64
		{BF701670-43B6-4621-9564-84215313590C}.Debug|Any CPU.Build.0 = Debug|x64
		{BF701670-43B6-4621-9564-84215313590C}.Debug|Any CPU.Deploy.0 = Debug|x64
		{BF701670-43B6-4621-9564-84215313590C}.Debug|ARM64.ActiveCfg = Debug|ARM64
		{BF701670-43B6-4621-9564-84215313590C}.Debug|ARM64.Build.0 = Debug|ARM64
		{BF701670-43B6-4621-9564-84215313590C}.Debug|ARM64.Deploy.0 = Debug|ARM64
		{BF701670-43B6-4621-9564-84215313590C}.Debug|x64.ActiveCfg = Debug|x64
		{BF701670-43B6-4621-9564-84215313590C}.Debug|x64.Build.0 = Debug|x64
		{BF701670-43B6-4621-9564-84215313590C}.Debug|x64.Deploy.0 = Debug|x64
		{BF701670-43B6-4621-9564-84215313590C}.Debug|x86.ActiveCfg = Debug|x86
		{BF701670-43B6-4621-9564-84215313590C}.Debug|x86.Build.0 = Debug|x86
		{BF701670-43B6-4621-9564-84215313590C}.Debug|x86.Deploy.0 = Debug|x86
		{BF701670-43B6-4621-9564-84215313590C}.Release|Any CPU.ActiveCfg = Release|x64
		{BF701670-43B6-4621-9564-84215313590C}.Release|Any CPU.Build.0 = Release|x64
		{BF701670-43B6-4621-9564-84215313590C}.Release|Any CPU.Deploy.0 = Release|x64
		{BF701670-43B6-4621-9564-84215313590C}.Release|ARM64.ActiveCfg = Release|ARM64
		{BF701670-43B6-4621-9564-84215313590C}.Release|ARM64.Build.0 = Release|ARM64
		{BF701670-43B6-4621-9564-84215313590C}.Release|ARM64.Deploy.0 = Release|ARM64
		{BF701670-43B6-4621-9564-84215313590C}.Release|x64.ActiveCfg = Release|x64
		{BF701670-43B6-4621-9564-84215313590C}.Release|x64.Build.0 = Release|x64
		{BF701670-43B6-4621-9564-84215313590C}.Release|x64.Deploy.0 = Release|x64
		{BF701670-43B6-4621-9564-84215313590C}.Release|x86.ActiveCfg = Release|x86
		{BF701670-43B6-4621-9564-84215313590C}.Release|x86.Build.0 = Release|x86
		{BF701670-43B6-4621-9564-84215313590C}.Release|x86.Deploy.0 = Release|x86
		{D04E2A2C-C9D1-4243-9347-7AC854399ADE}.Debug|Any CPU.ActiveCfg = Debug|x64
		{D04E2A2C-C9D1-4243-9347-7AC854399ADE}.Debug|Any CPU.Build.0 = Debug|x64
		{D04E2A2C-C9D1-4243-9347-7AC854399ADE}.Debug|Any CPU.Deploy.0 = Debug|x64
		{D04E2A2C-C9D1-4243-9347-7AC854399ADE}.Debug|ARM64.ActiveCfg = Debug|ARM64
		{D04E2A2C-C9D1-4243-9347-7AC854399ADE}.Debug|ARM64.Build.0 = Debug|ARM64
		{D04E2A2C-C9D1-4243-9347-7AC854399ADE}.Debug|ARM64.Deploy.0 = Debug|ARM64
		{D04E2A2C-C9D1-4243-9347-7AC854399ADE}.Debug|x64.ActiveCfg = Debug|x64
		{D04E2A2C-C9D1-4243-9347-7AC854399ADE}.Debug|x64.Build.0 = Debug|x64
		{D04E2A2C-C9D1-4243-9347-7AC854399ADE}.Debug|x64.Deploy.0 = Debug|x64
		{D04E2A2C-C9D1-4243-9347-7AC854399ADE}.Debug|x86.ActiveCfg = Debug|x86
		{D04E2A2C-C9D1-4243-9347-7AC854399ADE}.Debug|x86.Build.0 = Debug|x86
		{D04E2A2C-C9D1-4243-9347-7AC854399ADE}.Debug|x86.Deploy.0 = Debug|x86
		{D04E2A2C-C9D1-4243-9347-7AC854399ADE}.Release|Any CPU.ActiveCfg = Release|x64
		{D04E2A2C-C9D1-4243-9347-7AC854399ADE}.Release|Any CPU.Build.0 = Release|x64
		{D04E2A2C-C9D1-4243-9347-7AC854399ADE}.Release|Any CPU.Deploy.0 = Release|x64
		{D04E2A2C-C9D1-4243-9347-7AC854399ADE}.Release|ARM64.ActiveCfg = Release|ARM64
		{D04E2A2C-C9D1-4243-9347-7AC854399ADE}.Release|ARM64.Build.0 = Release|ARM64
		{D04E2A2C-C9D1-4243-9347-7AC854399ADE}.Release|ARM64.Deploy.0 = Release|ARM64
		{D04E2A2C-C9D1-4243-9347-7AC854399ADE}.Release|x64.ActiveCfg = Release|x64
		{D04E2A2C-C9D1-4243-9347-7AC854399ADE}.Release|x64.Build.0 = Release|x64
		{D04E2A2C-C9D1-4243-9347-7AC854399ADE}.Release|x64.Deploy.0 = Release|x64
		{D04E2A2C-C9D1-4243-9347-7AC854399ADE}.Release|x86.ActiveCfg = Release|x86
		{D04E2A2C-C9D1-4243-9347-7AC854399ADE}.Release|x86.Build.0 = Release|x86
		{D04E2A2C-C9D1-4243-9347-7AC854399ADE}.Release|x86.Deploy.0 = Release|x86
		{18FE94FE-0938-4C36-AC0E-E99F90622293}.Debug|Any CPU.ActiveCfg = Debug|Any CPU
		{18FE94FE-0938-4C36-AC0E-E99F90622293}.Debug|Any CPU.Build.0 = Debug|Any CPU
		{18FE94FE-0938-4C36-AC0E-E99F90622293}.Debug|ARM64.ActiveCfg = Debug|Any CPU
		{18FE94FE-0938-4C36-AC0E-E99F90622293}.Debug|ARM64.Build.0 = Debug|Any CPU
		{18FE94FE-0938-4C36-AC0E-E99F90622293}.Debug|x64.ActiveCfg = Debug|x64
		{18FE94FE-0938-4C36-AC0E-E99F90622293}.Debug|x64.Build.0 = Debug|x64
		{18FE94FE-0938-4C36-AC0E-E99F90622293}.Debug|x86.ActiveCfg = Debug|Any CPU
		{18FE94FE-0938-4C36-AC0E-E99F90622293}.Debug|x86.Build.0 = Debug|Any CPU
		{18FE94FE-0938-4C36-AC0E-E99F90622293}.Release|Any CPU.ActiveCfg = Release|Any CPU
		{18FE94FE-0938-4C36-AC0E-E99F90622293}.Release|Any CPU.Build.0 = Release|Any CPU
		{18FE94FE-0938-4C36-AC0E-E99F90622293}.Release|ARM64.ActiveCfg = Release|Any CPU
		{18FE94FE-0938-4C36-AC0E-E99F90622293}.Release|ARM64.Build.0 = Release|Any CPU
		{18FE94FE-0938-4C36-AC0E-E99F90622293}.Release|x64.ActiveCfg = Release|Any CPU
		{18FE94FE-0938-4C36-AC0E-E99F90622293}.Release|x64.Build.0 = Release|Any CPU
		{18FE94FE-0938-4C36-AC0E-E99F90622293}.Release|x86.ActiveCfg = Release|Any CPU
		{18FE94FE-0938-4C36-AC0E-E99F90622293}.Release|x86.Build.0 = Release|Any CPU
		{B7BE98BB-3C39-4407-A792-F13A560B81F7}.Debug|Any CPU.ActiveCfg = Debug|x64
		{B7BE98BB-3C39-4407-A792-F13A560B81F7}.Debug|Any CPU.Build.0 = Debug|x64
		{B7BE98BB-3C39-4407-A792-F13A560B81F7}.Debug|Any CPU.Deploy.0 = Debug|x64
		{B7BE98BB-3C39-4407-A792-F13A560B81F7}.Debug|ARM64.ActiveCfg = Debug|ARM64
		{B7BE98BB-3C39-4407-A792-F13A560B81F7}.Debug|ARM64.Build.0 = Debug|ARM64
		{B7BE98BB-3C39-4407-A792-F13A560B81F7}.Debug|ARM64.Deploy.0 = Debug|ARM64
		{B7BE98BB-3C39-4407-A792-F13A560B81F7}.Debug|x64.ActiveCfg = Debug|x64
		{B7BE98BB-3C39-4407-A792-F13A560B81F7}.Debug|x64.Build.0 = Debug|x64
		{B7BE98BB-3C39-4407-A792-F13A560B81F7}.Debug|x64.Deploy.0 = Debug|x64
		{B7BE98BB-3C39-4407-A792-F13A560B81F7}.Debug|x86.ActiveCfg = Debug|x86
		{B7BE98BB-3C39-4407-A792-F13A560B81F7}.Debug|x86.Build.0 = Debug|x86
		{B7BE98BB-3C39-4407-A792-F13A560B81F7}.Debug|x86.Deploy.0 = Debug|x86
		{B7BE98BB-3C39-4407-A792-F13A560B81F7}.Release|Any CPU.ActiveCfg = Release|x64
		{B7BE98BB-3C39-4407-A792-F13A560B81F7}.Release|Any CPU.Build.0 = Release|x64
		{B7BE98BB-3C39-4407-A792-F13A560B81F7}.Release|Any CPU.Deploy.0 = Release|x64
		{B7BE98BB-3C39-4407-A792-F13A560B81F7}.Release|ARM64.ActiveCfg = Release|ARM64
		{B7BE98BB-3C39-4407-A792-F13A560B81F7}.Release|ARM64.Build.0 = Release|ARM64
		{B7BE98BB-3C39-4407-A792-F13A560B81F7}.Release|ARM64.Deploy.0 = Release|ARM64
		{B7BE98BB-3C39-4407-A792-F13A560B81F7}.Release|x64.ActiveCfg = Release|x64
		{B7BE98BB-3C39-4407-A792-F13A560B81F7}.Release|x64.Build.0 = Release|x64
		{B7BE98BB-3C39-4407-A792-F13A560B81F7}.Release|x64.Deploy.0 = Release|x64
		{B7BE98BB-3C39-4407-A792-F13A560B81F7}.Release|x86.ActiveCfg = Release|x86
		{B7BE98BB-3C39-4407-A792-F13A560B81F7}.Release|x86.Build.0 = Release|x86
		{B7BE98BB-3C39-4407-A792-F13A560B81F7}.Release|x86.Deploy.0 = Release|x86
		{8920EBF9-A483-4A5F-9BB3-AA2E3D8F1269}.Debug|Any CPU.ActiveCfg = Debug|x64
		{8920EBF9-A483-4A5F-9BB3-AA2E3D8F1269}.Debug|Any CPU.Build.0 = Debug|x64
		{8920EBF9-A483-4A5F-9BB3-AA2E3D8F1269}.Debug|Any CPU.Deploy.0 = Debug|x64
		{8920EBF9-A483-4A5F-9BB3-AA2E3D8F1269}.Debug|ARM64.ActiveCfg = Debug|ARM64
		{8920EBF9-A483-4A5F-9BB3-AA2E3D8F1269}.Debug|ARM64.Build.0 = Debug|ARM64
		{8920EBF9-A483-4A5F-9BB3-AA2E3D8F1269}.Debug|ARM64.Deploy.0 = Debug|ARM64
		{8920EBF9-A483-4A5F-9BB3-AA2E3D8F1269}.Debug|x64.ActiveCfg = Debug|x64
		{8920EBF9-A483-4A5F-9BB3-AA2E3D8F1269}.Debug|x64.Build.0 = Debug|x64
		{8920EBF9-A483-4A5F-9BB3-AA2E3D8F1269}.Debug|x64.Deploy.0 = Debug|x64
		{8920EBF9-A483-4A5F-9BB3-AA2E3D8F1269}.Debug|x86.ActiveCfg = Debug|x86
		{8920EBF9-A483-4A5F-9BB3-AA2E3D8F1269}.Debug|x86.Build.0 = Debug|x86
		{8920EBF9-A483-4A5F-9BB3-AA2E3D8F1269}.Debug|x86.Deploy.0 = Debug|x86
		{8920EBF9-A483-4A5F-9BB3-AA2E3D8F1269}.Release|Any CPU.ActiveCfg = Release|x64
		{8920EBF9-A483-4A5F-9BB3-AA2E3D8F1269}.Release|Any CPU.Build.0 = Release|x64
		{8920EBF9-A483-4A5F-9BB3-AA2E3D8F1269}.Release|Any CPU.Deploy.0 = Release|x64
		{8920EBF9-A483-4A5F-9BB3-AA2E3D8F1269}.Release|ARM64.ActiveCfg = Release|ARM64
		{8920EBF9-A483-4A5F-9BB3-AA2E3D8F1269}.Release|ARM64.Build.0 = Release|ARM64
		{8920EBF9-A483-4A5F-9BB3-AA2E3D8F1269}.Release|ARM64.Deploy.0 = Release|ARM64
		{8920EBF9-A483-4A5F-9BB3-AA2E3D8F1269}.Release|x64.ActiveCfg = Release|x64
		{8920EBF9-A483-4A5F-9BB3-AA2E3D8F1269}.Release|x64.Build.0 = Release|x64
		{8920EBF9-A483-4A5F-9BB3-AA2E3D8F1269}.Release|x64.Deploy.0 = Release|x64
		{8920EBF9-A483-4A5F-9BB3-AA2E3D8F1269}.Release|x86.ActiveCfg = Release|x86
		{8920EBF9-A483-4A5F-9BB3-AA2E3D8F1269}.Release|x86.Build.0 = Release|x86
		{8920EBF9-A483-4A5F-9BB3-AA2E3D8F1269}.Release|x86.Deploy.0 = Release|x86
		{0158E7F4-9955-43F7-8978-DC69FD7CCD60}.Debug|Any CPU.ActiveCfg = Debug|x64
		{0158E7F4-9955-43F7-8978-DC69FD7CCD60}.Debug|Any CPU.Build.0 = Debug|x64
		{0158E7F4-9955-43F7-8978-DC69FD7CCD60}.Debug|ARM64.ActiveCfg = Debug|ARM64
		{0158E7F4-9955-43F7-8978-DC69FD7CCD60}.Debug|ARM64.Build.0 = Debug|ARM64
		{0158E7F4-9955-43F7-8978-DC69FD7CCD60}.Debug|x64.ActiveCfg = Debug|x64
		{0158E7F4-9955-43F7-8978-DC69FD7CCD60}.Debug|x64.Build.0 = Debug|x64
		{0158E7F4-9955-43F7-8978-DC69FD7CCD60}.Debug|x86.ActiveCfg = Debug|x86
		{0158E7F4-9955-43F7-8978-DC69FD7CCD60}.Debug|x86.Build.0 = Debug|x86
		{0158E7F4-9955-43F7-8978-DC69FD7CCD60}.Release|Any CPU.ActiveCfg = Release|x64
		{0158E7F4-9955-43F7-8978-DC69FD7CCD60}.Release|Any CPU.Build.0 = Release|x64
		{0158E7F4-9955-43F7-8978-DC69FD7CCD60}.Release|ARM64.ActiveCfg = Release|ARM64
		{0158E7F4-9955-43F7-8978-DC69FD7CCD60}.Release|ARM64.Build.0 = Release|ARM64
		{0158E7F4-9955-43F7-8978-DC69FD7CCD60}.Release|x64.ActiveCfg = Release|x64
		{0158E7F4-9955-43F7-8978-DC69FD7CCD60}.Release|x64.Build.0 = Release|x64
		{0158E7F4-9955-43F7-8978-DC69FD7CCD60}.Release|x86.ActiveCfg = Release|x86
		{0158E7F4-9955-43F7-8978-DC69FD7CCD60}.Release|x86.Build.0 = Release|x86
		{36AF765E-1361-4772-A6CB-C990B3464C1A}.Debug|Any CPU.ActiveCfg = Debug|x64
		{36AF765E-1361-4772-A6CB-C990B3464C1A}.Debug|Any CPU.Build.0 = Debug|x64
		{36AF765E-1361-4772-A6CB-C990B3464C1A}.Debug|Any CPU.Deploy.0 = Debug|x64
		{36AF765E-1361-4772-A6CB-C990B3464C1A}.Debug|ARM64.ActiveCfg = Debug|ARM64
		{36AF765E-1361-4772-A6CB-C990B3464C1A}.Debug|ARM64.Build.0 = Debug|ARM64
		{36AF765E-1361-4772-A6CB-C990B3464C1A}.Debug|ARM64.Deploy.0 = Debug|ARM64
		{36AF765E-1361-4772-A6CB-C990B3464C1A}.Debug|x64.ActiveCfg = Debug|x64
		{36AF765E-1361-4772-A6CB-C990B3464C1A}.Debug|x64.Build.0 = Debug|x64
		{36AF765E-1361-4772-A6CB-C990B3464C1A}.Debug|x64.Deploy.0 = Debug|x64
		{36AF765E-1361-4772-A6CB-C990B3464C1A}.Debug|x86.ActiveCfg = Debug|x86
		{36AF765E-1361-4772-A6CB-C990B3464C1A}.Debug|x86.Build.0 = Debug|x86
		{36AF765E-1361-4772-A6CB-C990B3464C1A}.Debug|x86.Deploy.0 = Debug|x86
		{36AF765E-1361-4772-A6CB-C990B3464C1A}.Release|Any CPU.ActiveCfg = Release|x64
		{36AF765E-1361-4772-A6CB-C990B3464C1A}.Release|Any CPU.Build.0 = Release|x64
		{36AF765E-1361-4772-A6CB-C990B3464C1A}.Release|Any CPU.Deploy.0 = Release|x64
		{36AF765E-1361-4772-A6CB-C990B3464C1A}.Release|ARM64.ActiveCfg = Release|ARM64
		{36AF765E-1361-4772-A6CB-C990B3464C1A}.Release|ARM64.Build.0 = Release|ARM64
		{36AF765E-1361-4772-A6CB-C990B3464C1A}.Release|ARM64.Deploy.0 = Release|ARM64
		{36AF765E-1361-4772-A6CB-C990B3464C1A}.Release|x64.ActiveCfg = Release|x64
		{36AF765E-1361-4772-A6CB-C990B3464C1A}.Release|x64.Build.0 = Release|x64
		{36AF765E-1361-4772-A6CB-C990B3464C1A}.Release|x64.Deploy.0 = Release|x64
		{36AF765E-1361-4772-A6CB-C990B3464C1A}.Release|x86.ActiveCfg = Release|x86
		{36AF765E-1361-4772-A6CB-C990B3464C1A}.Release|x86.Build.0 = Release|x86
		{36AF765E-1361-4772-A6CB-C990B3464C1A}.Release|x86.Deploy.0 = Release|x86
	EndGlobalSection
	GlobalSection(SolutionProperties) = preSolution
		HideSolutionNode = FALSE
	EndGlobalSection
	GlobalSection(ExtensibilityGlobals) = postSolution
		SolutionGuid = {F46D9F10-D75A-4C1E-99F0-14EE79D20EDE}
	EndGlobalSection
	GlobalSection(SharedMSBuildProjectFiles) = preSolution
		Delivery\Rebound.Delivery.projitems*{0158e7f4-9955-43f7-8978-dc69fd7ccd60}*SharedItemsImports = 5
		Delivery\Rebound.Delivery.projitems*{4c58bab7-f9d6-48ab-b20d-c8f6413d6e34}*SharedItemsImports = 5
		Delivery\Rebound.Delivery.projitems*{8920ebf9-a483-4a5f-9bb3-aa2e3d8f1269}*SharedItemsImports = 5
		Delivery\Rebound.Delivery.projitems*{b6c8c1f3-644e-475f-84c6-214243620014}*SharedItemsImports = 13
	EndGlobalSection
EndGlobal
