
Microsoft Visual Studio Solution File, Format Version 12.00
# Visual Studio Version 17
VisualStudioVersion = 17.9.34616.47
MinimumVisualStudioVersion = 10.0.40219.1
Project("{D954291E-2A0B-460D-934E-DC6B0785DB48}") = "Rebound.Delivery", "Delivery\Rebound.Delivery.shproj", "{B6C8C1F3-644E-475F-84C6-214243620014}"
EndProject
Project("{FAE04EC0-301F-11D3-BF4B-00C04F79EFBC}") = "Rebound.Installer", "Installer\Rebound.Installer.csproj", "{0158E7F4-9955-43F7-8978-DC69FD7CCD60}"
EndProject
Project("{2150E333-8FDC-42A3-9474-1A3956D46DE8}") = "ExeGenerators", "ExeGenerators", "{36FB52F9-19EE-4DA9-905E-95DCDEDC3E5E}"
	ProjectSection(SolutionItems) = preProject
		Scripts\ExeGenerators\Generator.ps1 = Scripts\ExeGenerators\Generator.ps1
		Scripts\ExeGenerators\Icon.ico = Scripts\ExeGenerators\Icon.ico
		Scripts\ExeGenerators\Program.cpp = Scripts\ExeGenerators\Program.cpp
		Scripts\ExeGenerators\README.md = Scripts\ExeGenerators\README.md
		Scripts\ExeGenerators\Resources.rc = Scripts\ExeGenerators\Resources.rc
	EndProjectSection
EndProject
Project("{2150E333-8FDC-42A3-9474-1A3956D46DE8}") = "Apps", "Apps", "{52D53221-094F-4B03-9B53-045F7F679592}"
EndProject
Project("{FAE04EC0-301F-11D3-BF4B-00C04F79EFBC}") = "Rebound", "Apps\Rebound\Rebound.csproj", "{AD289A51-7782-A6D8-9117-04A7F0BFCEFB}"
EndProject
Project("{FAE04EC0-301F-11D3-BF4B-00C04F79EFBC}") = "Rebound.Defrag", "Apps\Defrag\Rebound.Defrag.csproj", "{EA32102F-5459-48C9-35E6-16629144613C}"
EndProject
Project("{FAE04EC0-301F-11D3-BF4B-00C04F79EFBC}") = "Rebound.Cleanup", "Apps\Cleanup\Rebound.Cleanup.csproj", "{0B5EA423-35F3-B4E6-91D0-BB4793FAF7E0}"
EndProject
Project("{FAE04EC0-301F-11D3-BF4B-00C04F79EFBC}") = "Rebound.About", "Apps\About\Rebound.About.csproj", "{66734056-7421-2566-A83C-6BA5B59096FF}"
EndProject
Project("{2150E333-8FDC-42A3-9474-1A3956D46DE8}") = "Libraries", "Libraries", "{A9F254F7-9AAA-42A9-A458-44471043EFF7}"
EndProject
Project("{FAE04EC0-301F-11D3-BF4B-00C04F79EFBC}") = "Rebound.Generators", "Libraries\Generators\Rebound.Generators.csproj", "{4E89954E-4216-2E01-80FF-DF3365E18AE6}"
EndProject
Project("{FAE04EC0-301F-11D3-BF4B-00C04F79EFBC}") = "Rebound.Helpers", "Libraries\Helpers\Rebound.Helpers.csproj", "{D7986323-3715-C267-0223-B29C67DBB960}"
EndProject
Project("{FAE04EC0-301F-11D3-BF4B-00C04F79EFBC}") = "Rebound.InteractiveDialog", "Libraries\InteractiveDialog\Rebound.InteractiveDialog.csproj", "{7E62262F-34AF-A0A0-BC55-C87D7CBF234A}"
EndProject
Project("{2150E333-8FDC-42A3-9474-1A3956D46DE8}") = "Management", "Management", "{02EA681E-C7D8-13C7-8484-4AC65E1B71E8}"
EndProject
Project("{FAE04EC0-301F-11D3-BF4B-00C04F79EFBC}") = "Rebound.TrustedPlatform", "Management\TrustedPlatform\Rebound.TrustedPlatform.csproj", "{6EACFB19-2046-1210-56E3-BEC743748116}"
EndProject
Project("{2150E333-8FDC-42A3-9474-1A3956D46DE8}") = "Shell", "Shell", "{717B3BF9-905A-481D-9F26-EAB9A59967FE}"
EndProject
Project("{FAE04EC0-301F-11D3-BF4B-00C04F79EFBC}") = "Rebound.Control", "Shell\Control\Rebound.Control.csproj", "{46DD7280-8FBA-2D29-B027-669E3E4DECF9}"
EndProject
Project("{FAE04EC0-301F-11D3-BF4B-00C04F79EFBC}") = "Rebound.ExplorerPhotoPrintingDialog", "Shell\ExplorerPhotoPrintingDialog\Rebound.ExplorerPhotoPrintingDialog.csproj", "{8F89CF1C-4E44-C028-8A89-15B4538201A7}"
EndProject
Project("{FAE04EC0-301F-11D3-BF4B-00C04F79EFBC}") = "Rebound.ShellExperienceHost", "Shell\Rebound.ShellExperienceHost\Rebound.ShellExperienceHost.csproj", "{6338AB6E-5A8A-4E4A-18F7-EEB287E47F51}"
EndProject
Project("{FAE04EC0-301F-11D3-BF4B-00C04F79EFBC}") = "Rebound.Run", "Shell\Run\Rebound.Run.csproj", "{DED03580-19D8-A54A-905D-CF1355A03D79}"
EndProject
Global
	GlobalSection(SolutionConfigurationPlatforms) = preSolution
		Debug|Any CPU = Debug|Any CPU
		Debug|ARM64 = Debug|ARM64
		Debug|x64 = Debug|x64
		Debug|x86 = Debug|x86
		Release|Any CPU = Release|Any CPU
		Release|ARM64 = Release|ARM64
		Release|x64 = Release|x64
		Release|x86 = Release|x86
	EndGlobalSection
	GlobalSection(ProjectConfigurationPlatforms) = postSolution
		{0158E7F4-9955-43F7-8978-DC69FD7CCD60}.Debug|Any CPU.ActiveCfg = Debug|x64
		{0158E7F4-9955-43F7-8978-DC69FD7CCD60}.Debug|Any CPU.Build.0 = Debug|x64
		{0158E7F4-9955-43F7-8978-DC69FD7CCD60}.Debug|ARM64.ActiveCfg = Debug|ARM64
		{0158E7F4-9955-43F7-8978-DC69FD7CCD60}.Debug|ARM64.Build.0 = Debug|ARM64
		{0158E7F4-9955-43F7-8978-DC69FD7CCD60}.Debug|x64.ActiveCfg = Debug|x64
		{0158E7F4-9955-43F7-8978-DC69FD7CCD60}.Debug|x64.Build.0 = Debug|x64
		{0158E7F4-9955-43F7-8978-DC69FD7CCD60}.Debug|x86.ActiveCfg = Debug|x86
		{0158E7F4-9955-43F7-8978-DC69FD7CCD60}.Debug|x86.Build.0 = Debug|x86
		{0158E7F4-9955-43F7-8978-DC69FD7CCD60}.Release|Any CPU.ActiveCfg = Release|x64
		{0158E7F4-9955-43F7-8978-DC69FD7CCD60}.Release|Any CPU.Build.0 = Release|x64
		{0158E7F4-9955-43F7-8978-DC69FD7CCD60}.Release|ARM64.ActiveCfg = Release|ARM64
		{0158E7F4-9955-43F7-8978-DC69FD7CCD60}.Release|ARM64.Build.0 = Release|ARM64
		{0158E7F4-9955-43F7-8978-DC69FD7CCD60}.Release|x64.ActiveCfg = Release|x64
		{0158E7F4-9955-43F7-8978-DC69FD7CCD60}.Release|x64.Build.0 = Release|x64
		{0158E7F4-9955-43F7-8978-DC69FD7CCD60}.Release|x86.ActiveCfg = Release|x86
		{0158E7F4-9955-43F7-8978-DC69FD7CCD60}.Release|x86.Build.0 = Release|x86
		{AD289A51-7782-A6D8-9117-04A7F0BFCEFB}.Debug|Any CPU.ActiveCfg = Debug|x64
		{AD289A51-7782-A6D8-9117-04A7F0BFCEFB}.Debug|Any CPU.Build.0 = Debug|x64
		{AD289A51-7782-A6D8-9117-04A7F0BFCEFB}.Debug|Any CPU.Deploy.0 = Debug|x64
		{AD289A51-7782-A6D8-9117-04A7F0BFCEFB}.Debug|ARM64.ActiveCfg = Debug|ARM64
		{AD289A51-7782-A6D8-9117-04A7F0BFCEFB}.Debug|ARM64.Build.0 = Debug|ARM64
		{AD289A51-7782-A6D8-9117-04A7F0BFCEFB}.Debug|ARM64.Deploy.0 = Debug|ARM64
		{AD289A51-7782-A6D8-9117-04A7F0BFCEFB}.Debug|x64.ActiveCfg = Debug|x64
		{AD289A51-7782-A6D8-9117-04A7F0BFCEFB}.Debug|x64.Build.0 = Debug|x64
		{AD289A51-7782-A6D8-9117-04A7F0BFCEFB}.Debug|x64.Deploy.0 = Debug|x64
		{AD289A51-7782-A6D8-9117-04A7F0BFCEFB}.Debug|x86.ActiveCfg = Debug|x86
		{AD289A51-7782-A6D8-9117-04A7F0BFCEFB}.Debug|x86.Build.0 = Debug|x86
		{AD289A51-7782-A6D8-9117-04A7F0BFCEFB}.Debug|x86.Deploy.0 = Debug|x86
		{AD289A51-7782-A6D8-9117-04A7F0BFCEFB}.Release|Any CPU.ActiveCfg = Release|x64
		{AD289A51-7782-A6D8-9117-04A7F0BFCEFB}.Release|Any CPU.Build.0 = Release|x64
		{AD289A51-7782-A6D8-9117-04A7F0BFCEFB}.Release|Any CPU.Deploy.0 = Release|x64
		{AD289A51-7782-A6D8-9117-04A7F0BFCEFB}.Release|ARM64.ActiveCfg = Release|ARM64
		{AD289A51-7782-A6D8-9117-04A7F0BFCEFB}.Release|ARM64.Build.0 = Release|ARM64
		{AD289A51-7782-A6D8-9117-04A7F0BFCEFB}.Release|ARM64.Deploy.0 = Release|ARM64
		{AD289A51-7782-A6D8-9117-04A7F0BFCEFB}.Release|x64.ActiveCfg = Release|x64
		{AD289A51-7782-A6D8-9117-04A7F0BFCEFB}.Release|x64.Build.0 = Release|x64
		{AD289A51-7782-A6D8-9117-04A7F0BFCEFB}.Release|x64.Deploy.0 = Release|x64
		{AD289A51-7782-A6D8-9117-04A7F0BFCEFB}.Release|x86.ActiveCfg = Release|x86
		{AD289A51-7782-A6D8-9117-04A7F0BFCEFB}.Release|x86.Build.0 = Release|x86
		{AD289A51-7782-A6D8-9117-04A7F0BFCEFB}.Release|x86.Deploy.0 = Release|x86
		{EA32102F-5459-48C9-35E6-16629144613C}.Debug|Any CPU.ActiveCfg = Debug|x64
		{EA32102F-5459-48C9-35E6-16629144613C}.Debug|Any CPU.Build.0 = Debug|x64
		{EA32102F-5459-48C9-35E6-16629144613C}.Debug|Any CPU.Deploy.0 = Debug|x64
		{EA32102F-5459-48C9-35E6-16629144613C}.Debug|ARM64.ActiveCfg = Debug|ARM64
		{EA32102F-5459-48C9-35E6-16629144613C}.Debug|ARM64.Build.0 = Debug|ARM64
		{EA32102F-5459-48C9-35E6-16629144613C}.Debug|ARM64.Deploy.0 = Debug|ARM64
		{EA32102F-5459-48C9-35E6-16629144613C}.Debug|x64.ActiveCfg = Debug|x64
		{EA32102F-5459-48C9-35E6-16629144613C}.Debug|x64.Build.0 = Debug|x64
		{EA32102F-5459-48C9-35E6-16629144613C}.Debug|x64.Deploy.0 = Debug|x64
		{EA32102F-5459-48C9-35E6-16629144613C}.Debug|x86.ActiveCfg = Debug|x86
		{EA32102F-5459-48C9-35E6-16629144613C}.Debug|x86.Build.0 = Debug|x86
		{EA32102F-5459-48C9-35E6-16629144613C}.Debug|x86.Deploy.0 = Debug|x86
		{EA32102F-5459-48C9-35E6-16629144613C}.Release|Any CPU.ActiveCfg = Release|x64
		{EA32102F-5459-48C9-35E6-16629144613C}.Release|Any CPU.Build.0 = Release|x64
		{EA32102F-5459-48C9-35E6-16629144613C}.Release|Any CPU.Deploy.0 = Release|x64
		{EA32102F-5459-48C9-35E6-16629144613C}.Release|ARM64.ActiveCfg = Release|ARM64
		{EA32102F-5459-48C9-35E6-16629144613C}.Release|ARM64.Build.0 = Release|ARM64
		{EA32102F-5459-48C9-35E6-16629144613C}.Release|ARM64.Deploy.0 = Release|ARM64
		{EA32102F-5459-48C9-35E6-16629144613C}.Release|x64.ActiveCfg = Release|x64
		{EA32102F-5459-48C9-35E6-16629144613C}.Release|x64.Build.0 = Release|x64
		{EA32102F-5459-48C9-35E6-16629144613C}.Release|x64.Deploy.0 = Release|x64
		{EA32102F-5459-48C9-35E6-16629144613C}.Release|x86.ActiveCfg = Release|x86
		{EA32102F-5459-48C9-35E6-16629144613C}.Release|x86.Build.0 = Release|x86
		{EA32102F-5459-48C9-35E6-16629144613C}.Release|x86.Deploy.0 = Release|x86
		{0B5EA423-35F3-B4E6-91D0-BB4793FAF7E0}.Debug|Any CPU.ActiveCfg = Debug|x64
		{0B5EA423-35F3-B4E6-91D0-BB4793FAF7E0}.Debug|Any CPU.Build.0 = Debug|x64
		{0B5EA423-35F3-B4E6-91D0-BB4793FAF7E0}.Debug|Any CPU.Deploy.0 = Debug|x64
		{0B5EA423-35F3-B4E6-91D0-BB4793FAF7E0}.Debug|ARM64.ActiveCfg = Debug|ARM64
		{0B5EA423-35F3-B4E6-91D0-BB4793FAF7E0}.Debug|ARM64.Build.0 = Debug|ARM64
		{0B5EA423-35F3-B4E6-91D0-BB4793FAF7E0}.Debug|ARM64.Deploy.0 = Debug|ARM64
		{0B5EA423-35F3-B4E6-91D0-BB4793FAF7E0}.Debug|x64.ActiveCfg = Debug|x64
		{0B5EA423-35F3-B4E6-91D0-BB4793FAF7E0}.Debug|x64.Build.0 = Debug|x64
		{0B5EA423-35F3-B4E6-91D0-BB4793FAF7E0}.Debug|x64.Deploy.0 = Debug|x64
		{0B5EA423-35F3-B4E6-91D0-BB4793FAF7E0}.Debug|x86.ActiveCfg = Debug|x86
		{0B5EA423-35F3-B4E6-91D0-BB4793FAF7E0}.Debug|x86.Build.0 = Debug|x86
		{0B5EA423-35F3-B4E6-91D0-BB4793FAF7E0}.Debug|x86.Deploy.0 = Debug|x86
		{0B5EA423-35F3-B4E6-91D0-BB4793FAF7E0}.Release|Any CPU.ActiveCfg = Release|x64
		{0B5EA423-35F3-B4E6-91D0-BB4793FAF7E0}.Release|Any CPU.Build.0 = Release|x64
		{0B5EA423-35F3-B4E6-91D0-BB4793FAF7E0}.Release|Any CPU.Deploy.0 = Release|x64
		{0B5EA423-35F3-B4E6-91D0-BB4793FAF7E0}.Release|ARM64.ActiveCfg = Release|ARM64
		{0B5EA423-35F3-B4E6-91D0-BB4793FAF7E0}.Release|ARM64.Build.0 = Release|ARM64
		{0B5EA423-35F3-B4E6-91D0-BB4793FAF7E0}.Release|ARM64.Deploy.0 = Release|ARM64
		{0B5EA423-35F3-B4E6-91D0-BB4793FAF7E0}.Release|x64.ActiveCfg = Release|x64
		{0B5EA423-35F3-B4E6-91D0-BB4793FAF7E0}.Release|x64.Build.0 = Release|x64
		{0B5EA423-35F3-B4E6-91D0-BB4793FAF7E0}.Release|x64.Deploy.0 = Release|x64
		{0B5EA423-35F3-B4E6-91D0-BB4793FAF7E0}.Release|x86.ActiveCfg = Release|x86
		{0B5EA423-35F3-B4E6-91D0-BB4793FAF7E0}.Release|x86.Build.0 = Release|x86
		{0B5EA423-35F3-B4E6-91D0-BB4793FAF7E0}.Release|x86.Deploy.0 = Release|x86
		{66734056-7421-2566-A83C-6BA5B59096FF}.Debug|Any CPU.ActiveCfg = Debug|x64
		{66734056-7421-2566-A83C-6BA5B59096FF}.Debug|Any CPU.Build.0 = Debug|x64
		{66734056-7421-2566-A83C-6BA5B59096FF}.Debug|Any CPU.Deploy.0 = Debug|x64
		{66734056-7421-2566-A83C-6BA5B59096FF}.Debug|ARM64.ActiveCfg = Debug|ARM64
		{66734056-7421-2566-A83C-6BA5B59096FF}.Debug|ARM64.Build.0 = Debug|ARM64
		{66734056-7421-2566-A83C-6BA5B59096FF}.Debug|ARM64.Deploy.0 = Debug|ARM64
		{66734056-7421-2566-A83C-6BA5B59096FF}.Debug|x64.ActiveCfg = Debug|x64
		{66734056-7421-2566-A83C-6BA5B59096FF}.Debug|x64.Build.0 = Debug|x64
		{66734056-7421-2566-A83C-6BA5B59096FF}.Debug|x64.Deploy.0 = Debug|x64
		{66734056-7421-2566-A83C-6BA5B59096FF}.Debug|x86.ActiveCfg = Debug|x86
		{66734056-7421-2566-A83C-6BA5B59096FF}.Debug|x86.Build.0 = Debug|x86
		{66734056-7421-2566-A83C-6BA5B59096FF}.Debug|x86.Deploy.0 = Debug|x86
		{66734056-7421-2566-A83C-6BA5B59096FF}.Release|Any CPU.ActiveCfg = Release|x64
		{66734056-7421-2566-A83C-6BA5B59096FF}.Release|Any CPU.Build.0 = Release|x64
		{66734056-7421-2566-A83C-6BA5B59096FF}.Release|Any CPU.Deploy.0 = Release|x64
		{66734056-7421-2566-A83C-6BA5B59096FF}.Release|ARM64.ActiveCfg = Release|ARM64
		{66734056-7421-2566-A83C-6BA5B59096FF}.Release|ARM64.Build.0 = Release|ARM64
		{66734056-7421-2566-A83C-6BA5B59096FF}.Release|ARM64.Deploy.0 = Release|ARM64
		{66734056-7421-2566-A83C-6BA5B59096FF}.Release|x64.ActiveCfg = Release|x64
		{66734056-7421-2566-A83C-6BA5B59096FF}.Release|x64.Build.0 = Release|x64
		{66734056-7421-2566-A83C-6BA5B59096FF}.Release|x64.Deploy.0 = Release|x64
		{66734056-7421-2566-A83C-6BA5B59096FF}.Release|x86.ActiveCfg = Release|x86
		{66734056-7421-2566-A83C-6BA5B59096FF}.Release|x86.Build.0 = Release|x86
		{66734056-7421-2566-A83C-6BA5B59096FF}.Release|x86.Deploy.0 = Release|x86
		{4E89954E-4216-2E01-80FF-DF3365E18AE6}.Debug|Any CPU.ActiveCfg = Debug|Any CPU
		{4E89954E-4216-2E01-80FF-DF3365E18AE6}.Debug|Any CPU.Build.0 = Debug|Any CPU
		{4E89954E-4216-2E01-80FF-DF3365E18AE6}.Debug|ARM64.ActiveCfg = Debug|Any CPU
		{4E89954E-4216-2E01-80FF-DF3365E18AE6}.Debug|ARM64.Build.0 = Debug|Any CPU
		{4E89954E-4216-2E01-80FF-DF3365E18AE6}.Debug|x64.ActiveCfg = Debug|Any CPU
		{4E89954E-4216-2E01-80FF-DF3365E18AE6}.Debug|x64.Build.0 = Debug|Any CPU
		{4E89954E-4216-2E01-80FF-DF3365E18AE6}.Debug|x86.ActiveCfg = Debug|Any CPU
		{4E89954E-4216-2E01-80FF-DF3365E18AE6}.Debug|x86.Build.0 = Debug|Any CPU
		{4E89954E-4216-2E01-80FF-DF3365E18AE6}.Release|Any CPU.ActiveCfg = Release|Any CPU
		{4E89954E-4216-2E01-80FF-DF3365E18AE6}.Release|Any CPU.Build.0 = Release|Any CPU
		{4E89954E-4216-2E01-80FF-DF3365E18AE6}.Release|ARM64.ActiveCfg = Release|Any CPU
		{4E89954E-4216-2E01-80FF-DF3365E18AE6}.Release|ARM64.Build.0 = Release|Any CPU
		{4E89954E-4216-2E01-80FF-DF3365E18AE6}.Release|x64.ActiveCfg = Release|Any CPU
		{4E89954E-4216-2E01-80FF-DF3365E18AE6}.Release|x64.Build.0 = Release|Any CPU
		{4E89954E-4216-2E01-80FF-DF3365E18AE6}.Release|x86.ActiveCfg = Release|Any CPU
		{4E89954E-4216-2E01-80FF-DF3365E18AE6}.Release|x86.Build.0 = Release|Any CPU
		{D7986323-3715-C267-0223-B29C67DBB960}.Debug|Any CPU.ActiveCfg = Debug|Any CPU
		{D7986323-3715-C267-0223-B29C67DBB960}.Debug|Any CPU.Build.0 = Debug|Any CPU
		{D7986323-3715-C267-0223-B29C67DBB960}.Debug|ARM64.ActiveCfg = Debug|Any CPU
		{D7986323-3715-C267-0223-B29C67DBB960}.Debug|ARM64.Build.0 = Debug|Any CPU
		{D7986323-3715-C267-0223-B29C67DBB960}.Debug|x64.ActiveCfg = Debug|x64
		{D7986323-3715-C267-0223-B29C67DBB960}.Debug|x64.Build.0 = Debug|x64
		{D7986323-3715-C267-0223-B29C67DBB960}.Debug|x86.ActiveCfg = Debug|Any CPU
		{D7986323-3715-C267-0223-B29C67DBB960}.Debug|x86.Build.0 = Debug|Any CPU
		{D7986323-3715-C267-0223-B29C67DBB960}.Release|Any CPU.ActiveCfg = Release|Any CPU
		{D7986323-3715-C267-0223-B29C67DBB960}.Release|Any CPU.Build.0 = Release|Any CPU
		{D7986323-3715-C267-0223-B29C67DBB960}.Release|ARM64.ActiveCfg = Release|Any CPU
		{D7986323-3715-C267-0223-B29C67DBB960}.Release|ARM64.Build.0 = Release|Any CPU
		{D7986323-3715-C267-0223-B29C67DBB960}.Release|x64.ActiveCfg = Release|x64
		{D7986323-3715-C267-0223-B29C67DBB960}.Release|x64.Build.0 = Release|x64
		{D7986323-3715-C267-0223-B29C67DBB960}.Release|x86.ActiveCfg = Release|Any CPU
		{D7986323-3715-C267-0223-B29C67DBB960}.Release|x86.Build.0 = Release|Any CPU
		{7E62262F-34AF-A0A0-BC55-C87D7CBF234A}.Debug|Any CPU.ActiveCfg = Debug|x64
		{7E62262F-34AF-A0A0-BC55-C87D7CBF234A}.Debug|Any CPU.Build.0 = Debug|x64
		{7E62262F-34AF-A0A0-BC55-C87D7CBF234A}.Debug|Any CPU.Deploy.0 = Debug|x64
		{7E62262F-34AF-A0A0-BC55-C87D7CBF234A}.Debug|ARM64.ActiveCfg = Debug|ARM64
		{7E62262F-34AF-A0A0-BC55-C87D7CBF234A}.Debug|ARM64.Build.0 = Debug|ARM64
		{7E62262F-34AF-A0A0-BC55-C87D7CBF234A}.Debug|ARM64.Deploy.0 = Debug|ARM64
		{7E62262F-34AF-A0A0-BC55-C87D7CBF234A}.Debug|x64.ActiveCfg = Debug|x64
		{7E62262F-34AF-A0A0-BC55-C87D7CBF234A}.Debug|x64.Build.0 = Debug|x64
		{7E62262F-34AF-A0A0-BC55-C87D7CBF234A}.Debug|x64.Deploy.0 = Debug|x64
		{7E62262F-34AF-A0A0-BC55-C87D7CBF234A}.Debug|x86.ActiveCfg = Debug|x86
		{7E62262F-34AF-A0A0-BC55-C87D7CBF234A}.Debug|x86.Build.0 = Debug|x86
		{7E62262F-34AF-A0A0-BC55-C87D7CBF234A}.Debug|x86.Deploy.0 = Debug|x86
		{7E62262F-34AF-A0A0-BC55-C87D7CBF234A}.Release|Any CPU.ActiveCfg = Release|x64
		{7E62262F-34AF-A0A0-BC55-C87D7CBF234A}.Release|Any CPU.Build.0 = Release|x64
		{7E62262F-34AF-A0A0-BC55-C87D7CBF234A}.Release|Any CPU.Deploy.0 = Release|x64
		{7E62262F-34AF-A0A0-BC55-C87D7CBF234A}.Release|ARM64.ActiveCfg = Release|ARM64
		{7E62262F-34AF-A0A0-BC55-C87D7CBF234A}.Release|ARM64.Build.0 = Release|ARM64
		{7E62262F-34AF-A0A0-BC55-C87D7CBF234A}.Release|ARM64.Deploy.0 = Release|ARM64
		{7E62262F-34AF-A0A0-BC55-C87D7CBF234A}.Release|x64.ActiveCfg = Release|x64
		{7E62262F-34AF-A0A0-BC55-C87D7CBF234A}.Release|x64.Build.0 = Release|x64
		{7E62262F-34AF-A0A0-BC55-C87D7CBF234A}.Release|x64.Deploy.0 = Release|x64
		{7E62262F-34AF-A0A0-BC55-C87D7CBF234A}.Release|x86.ActiveCfg = Release|x86
		{7E62262F-34AF-A0A0-BC55-C87D7CBF234A}.Release|x86.Build.0 = Release|x86
		{7E62262F-34AF-A0A0-BC55-C87D7CBF234A}.Release|x86.Deploy.0 = Release|x86
		{6EACFB19-2046-1210-56E3-BEC743748116}.Debug|Any CPU.ActiveCfg = Debug|x64
		{6EACFB19-2046-1210-56E3-BEC743748116}.Debug|Any CPU.Build.0 = Debug|x64
		{6EACFB19-2046-1210-56E3-BEC743748116}.Debug|Any CPU.Deploy.0 = Debug|x64
		{6EACFB19-2046-1210-56E3-BEC743748116}.Debug|ARM64.ActiveCfg = Debug|x64
		{6EACFB19-2046-1210-56E3-BEC743748116}.Debug|ARM64.Build.0 = Debug|x64
		{6EACFB19-2046-1210-56E3-BEC743748116}.Debug|ARM64.Deploy.0 = Debug|x64
		{6EACFB19-2046-1210-56E3-BEC743748116}.Debug|x64.ActiveCfg = Debug|x64
		{6EACFB19-2046-1210-56E3-BEC743748116}.Debug|x64.Build.0 = Debug|x64
		{6EACFB19-2046-1210-56E3-BEC743748116}.Debug|x64.Deploy.0 = Debug|x64
		{6EACFB19-2046-1210-56E3-BEC743748116}.Debug|x86.ActiveCfg = Debug|x86
		{6EACFB19-2046-1210-56E3-BEC743748116}.Debug|x86.Build.0 = Debug|x86
		{6EACFB19-2046-1210-56E3-BEC743748116}.Debug|x86.Deploy.0 = Debug|x86
		{6EACFB19-2046-1210-56E3-BEC743748116}.Release|Any CPU.ActiveCfg = Release|x64
		{6EACFB19-2046-1210-56E3-BEC743748116}.Release|Any CPU.Build.0 = Release|x64
		{6EACFB19-2046-1210-56E3-BEC743748116}.Release|Any CPU.Deploy.0 = Release|x64
		{6EACFB19-2046-1210-56E3-BEC743748116}.Release|ARM64.ActiveCfg = Release|x64
		{6EACFB19-2046-1210-56E3-BEC743748116}.Release|ARM64.Build.0 = Release|x64
		{6EACFB19-2046-1210-56E3-BEC743748116}.Release|ARM64.Deploy.0 = Release|x64
		{6EACFB19-2046-1210-56E3-BEC743748116}.Release|x64.ActiveCfg = Release|x64
		{6EACFB19-2046-1210-56E3-BEC743748116}.Release|x64.Build.0 = Release|x64
		{6EACFB19-2046-1210-56E3-BEC743748116}.Release|x64.Deploy.0 = Release|x64
		{6EACFB19-2046-1210-56E3-BEC743748116}.Release|x86.ActiveCfg = Release|x86
		{6EACFB19-2046-1210-56E3-BEC743748116}.Release|x86.Build.0 = Release|x86
		{6EACFB19-2046-1210-56E3-BEC743748116}.Release|x86.Deploy.0 = Release|x86
		{46DD7280-8FBA-2D29-B027-669E3E4DECF9}.Debug|Any CPU.ActiveCfg = Debug|x64
		{46DD7280-8FBA-2D29-B027-669E3E4DECF9}.Debug|Any CPU.Build.0 = Debug|x64
		{46DD7280-8FBA-2D29-B027-669E3E4DECF9}.Debug|Any CPU.Deploy.0 = Debug|x64
		{46DD7280-8FBA-2D29-B027-669E3E4DECF9}.Debug|ARM64.ActiveCfg = Debug|ARM64
		{46DD7280-8FBA-2D29-B027-669E3E4DECF9}.Debug|ARM64.Build.0 = Debug|ARM64
		{46DD7280-8FBA-2D29-B027-669E3E4DECF9}.Debug|ARM64.Deploy.0 = Debug|ARM64
		{46DD7280-8FBA-2D29-B027-669E3E4DECF9}.Debug|x64.ActiveCfg = Debug|x64
		{46DD7280-8FBA-2D29-B027-669E3E4DECF9}.Debug|x64.Build.0 = Debug|x64
		{46DD7280-8FBA-2D29-B027-669E3E4DECF9}.Debug|x64.Deploy.0 = Debug|x64
		{46DD7280-8FBA-2D29-B027-669E3E4DECF9}.Debug|x86.ActiveCfg = Debug|x86
		{46DD7280-8FBA-2D29-B027-669E3E4DECF9}.Debug|x86.Build.0 = Debug|x86
		{46DD7280-8FBA-2D29-B027-669E3E4DECF9}.Debug|x86.Deploy.0 = Debug|x86
		{46DD7280-8FBA-2D29-B027-669E3E4DECF9}.Release|Any CPU.ActiveCfg = Release|x64
		{46DD7280-8FBA-2D29-B027-669E3E4DECF9}.Release|Any CPU.Build.0 = Release|x64
		{46DD7280-8FBA-2D29-B027-669E3E4DECF9}.Release|Any CPU.Deploy.0 = Release|x64
		{46DD7280-8FBA-2D29-B027-669E3E4DECF9}.Release|ARM64.ActiveCfg = Release|ARM64
		{46DD7280-8FBA-2D29-B027-669E3E4DECF9}.Release|ARM64.Build.0 = Release|ARM64
		{46DD7280-8FBA-2D29-B027-669E3E4DECF9}.Release|ARM64.Deploy.0 = Release|ARM64
		{46DD7280-8FBA-2D29-B027-669E3E4DECF9}.Release|x64.ActiveCfg = Release|x64
		{46DD7280-8FBA-2D29-B027-669E3E4DECF9}.Release|x64.Build.0 = Release|x64
		{46DD7280-8FBA-2D29-B027-669E3E4DECF9}.Release|x64.Deploy.0 = Release|x64
		{46DD7280-8FBA-2D29-B027-669E3E4DECF9}.Release|x86.ActiveCfg = Release|x86
		{46DD7280-8FBA-2D29-B027-669E3E4DECF9}.Release|x86.Build.0 = Release|x86
		{46DD7280-8FBA-2D29-B027-669E3E4DECF9}.Release|x86.Deploy.0 = Release|x86
		{8F89CF1C-4E44-C028-8A89-15B4538201A7}.Debug|Any CPU.ActiveCfg = Debug|x64
		{8F89CF1C-4E44-C028-8A89-15B4538201A7}.Debug|Any CPU.Build.0 = Debug|x64
		{8F89CF1C-4E44-C028-8A89-15B4538201A7}.Debug|Any CPU.Deploy.0 = Debug|x64
		{8F89CF1C-4E44-C028-8A89-15B4538201A7}.Debug|ARM64.ActiveCfg = Debug|ARM64
		{8F89CF1C-4E44-C028-8A89-15B4538201A7}.Debug|ARM64.Build.0 = Debug|ARM64
		{8F89CF1C-4E44-C028-8A89-15B4538201A7}.Debug|ARM64.Deploy.0 = Debug|ARM64
		{8F89CF1C-4E44-C028-8A89-15B4538201A7}.Debug|x64.ActiveCfg = Debug|x64
		{8F89CF1C-4E44-C028-8A89-15B4538201A7}.Debug|x64.Build.0 = Debug|x64
		{8F89CF1C-4E44-C028-8A89-15B4538201A7}.Debug|x64.Deploy.0 = Debug|x64
		{8F89CF1C-4E44-C028-8A89-15B4538201A7}.Debug|x86.ActiveCfg = Debug|x86
		{8F89CF1C-4E44-C028-8A89-15B4538201A7}.Debug|x86.Build.0 = Debug|x86
		{8F89CF1C-4E44-C028-8A89-15B4538201A7}.Debug|x86.Deploy.0 = Debug|x86
		{8F89CF1C-4E44-C028-8A89-15B4538201A7}.Release|Any CPU.ActiveCfg = Release|x64
		{8F89CF1C-4E44-C028-8A89-15B4538201A7}.Release|Any CPU.Build.0 = Release|x64
		{8F89CF1C-4E44-C028-8A89-15B4538201A7}.Release|Any CPU.Deploy.0 = Release|x64
		{8F89CF1C-4E44-C028-8A89-15B4538201A7}.Release|ARM64.ActiveCfg = Release|ARM64
		{8F89CF1C-4E44-C028-8A89-15B4538201A7}.Release|ARM64.Build.0 = Release|ARM64
		{8F89CF1C-4E44-C028-8A89-15B4538201A7}.Release|ARM64.Deploy.0 = Release|ARM64
		{8F89CF1C-4E44-C028-8A89-15B4538201A7}.Release|x64.ActiveCfg = Release|x64
		{8F89CF1C-4E44-C028-8A89-15B4538201A7}.Release|x64.Build.0 = Release|x64
		{8F89CF1C-4E44-C028-8A89-15B4538201A7}.Release|x64.Deploy.0 = Release|x64
		{8F89CF1C-4E44-C028-8A89-15B4538201A7}.Release|x86.ActiveCfg = Release|x86
		{8F89CF1C-4E44-C028-8A89-15B4538201A7}.Release|x86.Build.0 = Release|x86
		{8F89CF1C-4E44-C028-8A89-15B4538201A7}.Release|x86.Deploy.0 = Release|x86
		{6338AB6E-5A8A-4E4A-18F7-EEB287E47F51}.Debug|Any CPU.ActiveCfg = Debug|x64
		{6338AB6E-5A8A-4E4A-18F7-EEB287E47F51}.Debug|Any CPU.Build.0 = Debug|x64
		{6338AB6E-5A8A-4E4A-18F7-EEB287E47F51}.Debug|Any CPU.Deploy.0 = Debug|x64
		{6338AB6E-5A8A-4E4A-18F7-EEB287E47F51}.Debug|ARM64.ActiveCfg = Debug|ARM64
		{6338AB6E-5A8A-4E4A-18F7-EEB287E47F51}.Debug|ARM64.Build.0 = Debug|ARM64
		{6338AB6E-5A8A-4E4A-18F7-EEB287E47F51}.Debug|ARM64.Deploy.0 = Debug|ARM64
		{6338AB6E-5A8A-4E4A-18F7-EEB287E47F51}.Debug|x64.ActiveCfg = Debug|x64
		{6338AB6E-5A8A-4E4A-18F7-EEB287E47F51}.Debug|x64.Build.0 = Debug|x64
		{6338AB6E-5A8A-4E4A-18F7-EEB287E47F51}.Debug|x64.Deploy.0 = Debug|x64
		{6338AB6E-5A8A-4E4A-18F7-EEB287E47F51}.Debug|x86.ActiveCfg = Debug|x86
		{6338AB6E-5A8A-4E4A-18F7-EEB287E47F51}.Debug|x86.Build.0 = Debug|x86
		{6338AB6E-5A8A-4E4A-18F7-EEB287E47F51}.Debug|x86.Deploy.0 = Debug|x86
		{6338AB6E-5A8A-4E4A-18F7-EEB287E47F51}.Release|Any CPU.ActiveCfg = Release|x64
		{6338AB6E-5A8A-4E4A-18F7-EEB287E47F51}.Release|Any CPU.Build.0 = Release|x64
		{6338AB6E-5A8A-4E4A-18F7-EEB287E47F51}.Release|Any CPU.Deploy.0 = Release|x64
		{6338AB6E-5A8A-4E4A-18F7-EEB287E47F51}.Release|ARM64.ActiveCfg = Release|ARM64
		{6338AB6E-5A8A-4E4A-18F7-EEB287E47F51}.Release|ARM64.Build.0 = Release|ARM64
		{6338AB6E-5A8A-4E4A-18F7-EEB287E47F51}.Release|ARM64.Deploy.0 = Release|ARM64
		{6338AB6E-5A8A-4E4A-18F7-EEB287E47F51}.Release|x64.ActiveCfg = Release|x64
		{6338AB6E-5A8A-4E4A-18F7-EEB287E47F51}.Release|x64.Build.0 = Release|x64
		{6338AB6E-5A8A-4E4A-18F7-EEB287E47F51}.Release|x64.Deploy.0 = Release|x64
		{6338AB6E-5A8A-4E4A-18F7-EEB287E47F51}.Release|x86.ActiveCfg = Release|x86
		{6338AB6E-5A8A-4E4A-18F7-EEB287E47F51}.Release|x86.Build.0 = Release|x86
		{6338AB6E-5A8A-4E4A-18F7-EEB287E47F51}.Release|x86.Deploy.0 = Release|x86
		{DED03580-19D8-A54A-905D-CF1355A03D79}.Debug|Any CPU.ActiveCfg = Debug|x64
		{DED03580-19D8-A54A-905D-CF1355A03D79}.Debug|Any CPU.Build.0 = Debug|x64
		{DED03580-19D8-A54A-905D-CF1355A03D79}.Debug|Any CPU.Deploy.0 = Debug|x64
		{DED03580-19D8-A54A-905D-CF1355A03D79}.Debug|ARM64.ActiveCfg = Debug|ARM64
		{DED03580-19D8-A54A-905D-CF1355A03D79}.Debug|ARM64.Build.0 = Debug|ARM64
		{DED03580-19D8-A54A-905D-CF1355A03D79}.Debug|ARM64.Deploy.0 = Debug|ARM64
		{DED03580-19D8-A54A-905D-CF1355A03D79}.Debug|x64.ActiveCfg = Debug|x64
		{DED03580-19D8-A54A-905D-CF1355A03D79}.Debug|x64.Build.0 = Debug|x64
		{DED03580-19D8-A54A-905D-CF1355A03D79}.Debug|x64.Deploy.0 = Debug|x64
		{DED03580-19D8-A54A-905D-CF1355A03D79}.Debug|x86.ActiveCfg = Debug|x86
		{DED03580-19D8-A54A-905D-CF1355A03D79}.Debug|x86.Build.0 = Debug|x86
		{DED03580-19D8-A54A-905D-CF1355A03D79}.Debug|x86.Deploy.0 = Debug|x86
		{DED03580-19D8-A54A-905D-CF1355A03D79}.Release|Any CPU.ActiveCfg = Release|x64
		{DED03580-19D8-A54A-905D-CF1355A03D79}.Release|Any CPU.Build.0 = Release|x64
		{DED03580-19D8-A54A-905D-CF1355A03D79}.Release|Any CPU.Deploy.0 = Release|x64
		{DED03580-19D8-A54A-905D-CF1355A03D79}.Release|ARM64.ActiveCfg = Release|ARM64
		{DED03580-19D8-A54A-905D-CF1355A03D79}.Release|ARM64.Build.0 = Release|ARM64
		{DED03580-19D8-A54A-905D-CF1355A03D79}.Release|ARM64.Deploy.0 = Release|ARM64
		{DED03580-19D8-A54A-905D-CF1355A03D79}.Release|x64.ActiveCfg = Release|x64
		{DED03580-19D8-A54A-905D-CF1355A03D79}.Release|x64.Build.0 = Release|x64
		{DED03580-19D8-A54A-905D-CF1355A03D79}.Release|x64.Deploy.0 = Release|x64
		{DED03580-19D8-A54A-905D-CF1355A03D79}.Release|x86.ActiveCfg = Release|x86
		{DED03580-19D8-A54A-905D-CF1355A03D79}.Release|x86.Build.0 = Release|x86
		{DED03580-19D8-A54A-905D-CF1355A03D79}.Release|x86.Deploy.0 = Release|x86
	EndGlobalSection
	GlobalSection(SolutionProperties) = preSolution
		HideSolutionNode = FALSE
	EndGlobalSection
	GlobalSection(NestedProjects) = preSolution
		{AD289A51-7782-A6D8-9117-04A7F0BFCEFB} = {52D53221-094F-4B03-9B53-045F7F679592}
		{EA32102F-5459-48C9-35E6-16629144613C} = {52D53221-094F-4B03-9B53-045F7F679592}
		{0B5EA423-35F3-B4E6-91D0-BB4793FAF7E0} = {52D53221-094F-4B03-9B53-045F7F679592}
		{66734056-7421-2566-A83C-6BA5B59096FF} = {52D53221-094F-4B03-9B53-045F7F679592}
		{4E89954E-4216-2E01-80FF-DF3365E18AE6} = {A9F254F7-9AAA-42A9-A458-44471043EFF7}
		{D7986323-3715-C267-0223-B29C67DBB960} = {A9F254F7-9AAA-42A9-A458-44471043EFF7}
		{7E62262F-34AF-A0A0-BC55-C87D7CBF234A} = {A9F254F7-9AAA-42A9-A458-44471043EFF7}
		{6EACFB19-2046-1210-56E3-BEC743748116} = {02EA681E-C7D8-13C7-8484-4AC65E1B71E8}
		{46DD7280-8FBA-2D29-B027-669E3E4DECF9} = {717B3BF9-905A-481D-9F26-EAB9A59967FE}
		{8F89CF1C-4E44-C028-8A89-15B4538201A7} = {717B3BF9-905A-481D-9F26-EAB9A59967FE}
		{6338AB6E-5A8A-4E4A-18F7-EEB287E47F51} = {717B3BF9-905A-481D-9F26-EAB9A59967FE}
		{DED03580-19D8-A54A-905D-CF1355A03D79} = {717B3BF9-905A-481D-9F26-EAB9A59967FE}
	EndGlobalSection
	GlobalSection(ExtensibilityGlobals) = postSolution
		SolutionGuid = {F46D9F10-D75A-4C1E-99F0-14EE79D20EDE}
	EndGlobalSection
	GlobalSection(SharedMSBuildProjectFiles) = preSolution
		Delivery\Rebound.Delivery.projitems*{0158e7f4-9955-43f7-8978-dc69fd7ccd60}*SharedItemsImports = 5
		Delivery\Rebound.Delivery.projitems*{b6c8c1f3-644e-475f-84c6-214243620014}*SharedItemsImports = 13
	EndGlobalSection
EndGlobal
